dependencies:
  espressif/esp-dsp:
    component_hash: ed9ac175b14e0414399a2b33c525579414b5bad19a2a67b12ea212def96f9a98
    dependencies:
    - name: idf
      require: private
      version: '>=4.2'
    source:
      registry_url: https://components.espressif.com/
      type: service
    version: 1.8.2
  idf:
    source:
      type: idf
    version: 5.3.5
direct_dependencies:
- espressif/esp-dsp
- idf
manifest_hash: 6d087b6229aae7d8577b476795fd9d6dd79b6fde8e22728d4e81201b8813a3f7
target: esp32s3
version: 2.0.0
